
Microsoft Visual Studio Solution File, Format Version 12.00
# Visual Studio Version 17
VisualStudioVersion = 17.9.34616.47
MinimumVisualStudioVersion = 10.0.40219.1
Project("{FAE04EC0-301F-11D3-BF4B-00C04F79EFBC}") = "Rest Server", "Rest Server\Rest Server.csproj", "{0DCB5C0D-A782-42C2-B208-8D18BB27754E}"
EndProject
Global
	GlobalSection(SolutionConfigurationPlatforms) = preSolution
		Debug|Any CPU = Debug|Any CPU
		Release|Any CPU = Release|Any CPU
	EndGlobalSection
	GlobalSection(ProjectConfigurationPlatforms) = postSolution
		{0DCB5C0D-A782-42C2-B208-8D18BB27754E}.Debug|Any CPU.ActiveCfg = Debug|Any CPU
		{0DCB5C0D-A782-42C2-B208-8D18BB27754E}.Debug|Any CPU.Build.0 = Debug|Any CPU
		{0DCB5C0D-A782-42C2-B208-8D18BB27754E}.Release|Any CPU.ActiveCfg = Release|Any CPU
		{0DCB5C0D-A782-42C2-B208-8D18BB27754E}.Release|Any CPU.Build.0 = Release|Any CPU
	EndGlobalSection
	GlobalSection(SolutionProperties) = preSolution
		HideSolutionNode = FALSE
	EndGlobalSection
	GlobalSection(ExtensibilityGlobals) = postSolution
		SolutionGuid = {8D529F63-1BC9-48CB-BDA7-626F2FC775E8}
	EndGlobalSection
EndGlobal
